// !$*UTF8*$!
{
	archiveVersion = 1;
	classes = {
	};
	objectVersion = 56;
	objects = {

/* Begin PBXBuildFile section */
		F66E997A2BACB4D9001C3882 /* facts_App.swift in Sources */ = {isa = PBXBuildFile; fileRef = F66E99792BACB4D9001C3882 /* facts_App.swift */; };
		F66E997C2BACB4D9001C3882 /* ContentView.swift in Sources */ = {isa = PBXBuildFile; fileRef = F66E997B2BACB4D9001C3882 /* ContentView.swift */; };
		F66E997E2BACB4DA001C3882 /* Assets.xcassets in Resources */ = {isa = PBXBuildFile; fileRef = F66E997D2BACB4DA001C3882 /* Assets.xcassets */; };
		F66E99812BACB4DA001C3882 /* Preview Assets.xcassets in Resources */ = {isa = PBXBuildFile; fileRef = F66E99802BACB4DA001C3882 /* Preview Assets.xcassets */; };
		F66E998B2BACB4DA001C3882 /* facts_Tests.swift in Sources */ = {isa = PBXBuildFile; fileRef = F66E998A2BACB4DA001C3882 /* facts_Tests.swift */; };
		F66E99952BACB4DA001C3882 /* facts_UITests.swift in Sources */ = {isa = PBXBuildFile; fileRef = F66E99942BACB4DA001C3882 /* facts_UITests.swift */; };
		F66E99972BACB4DA001C3882 /* facts_UITestsLaunchTests.swift in Sources */ = {isa = PBXBuildFile; fileRef = F66E99962BACB4DA001C3882 /* facts_UITestsLaunchTests.swift */; };
		F66E99A92BACBB2B001C3882 /* fact_db.json in Resources */ = {isa = PBXBuildFile; fileRef = F66E99A82BACBB2B001C3882 /* fact_db.json */; };
		F66E99AB2BACBD38001C3882 /* Fact.swift in Sources */ = {isa = PBXBuildFile; fileRef = F66E99AA2BACBD38001C3882 /* Fact.swift */; };
		F66E99AD2BACBDC3001C3882 /* dataloader.swift in Sources */ = {isa = PBXBuildFile; fileRef = F66E99AC2BACBDC3001C3882 /* dataloader.swift */; };
/* End PBXBuildFile section */

/* Begin PBXContainerItemProxy section */
		F66E99872BACB4DA001C3882 /* PBXContainerItemProxy */ = {
			isa = PBXContainerItemProxy;
			containerPortal = F66E996E2BACB4D9001C3882 /* Project object */;
			proxyType = 1;
			remoteGlobalIDString = F66E99752BACB4D9001C3882;
			remoteInfo = "facts!";
		};
		F66E99912BACB4DA001C3882 /* PBXContainerItemProxy */ = {
			isa = PBXContainerItemProxy;
			containerPortal = F66E996E2BACB4D9001C3882 /* Project object */;
			proxyType = 1;
			remoteGlobalIDString = F66E99752BACB4D9001C3882;
			remoteInfo = "facts!";
		};
/* End PBXContainerItemProxy section */

/* Begin PBXFileReference section */
		F66E99762BACB4D9001C3882 /* facts!.app */ = {isa = PBXFileReference; explicitFileType = wrapper.application; includeInIndex = 0; path = "facts!.app"; sourceTree = BUILT_PRODUCTS_DIR; };
		F66E99792BACB4D9001C3882 /* facts_App.swift */ = {isa = PBXFileReference; lastKnownFileType = sourcecode.swift; path = facts_App.swift; sourceTree = "<group>"; };
		F66E997B2BACB4D9001C3882 /* ContentView.swift */ = {isa = PBXFileReference; lastKnownFileType = sourcecode.swift; path = ContentView.swift; sourceTree = "<group>"; };
		F66E997D2BACB4DA001C3882 /* Assets.xcassets */ = {isa = PBXFileReference; lastKnownFileType = folder.assetcatalog; path = Assets.xcassets; sourceTree = "<group>"; };
		F66E99802BACB4DA001C3882 /* Preview Assets.xcassets */ = {isa = PBXFileReference; lastKnownFileType = folder.assetcatalog; path = "Preview Assets.xcassets"; sourceTree = "<group>"; };
		F66E99862BACB4DA001C3882 /* facts!Tests.xctest */ = {isa = PBXFileReference; explicitFileType = wrapper.cfbundle; includeInIndex = 0; path = "facts!Tests.xctest"; sourceTree = BUILT_PRODUCTS_DIR; };
		F66E998A2BACB4DA001C3882 /* facts_Tests.swift */ = {isa = PBXFileReference; lastKnownFileType = sourcecode.swift; path = facts_Tests.swift; sourceTree = "<group>"; };
		F66E99902BACB4DA001C3882 /* facts!UITests.xctest */ = {isa = PBXFileReference; explicitFileType = wrapper.cfbundle; includeInIndex = 0; path = "facts!UITests.xctest"; sourceTree = BUILT_PRODUCTS_DIR; };
		F66E99942BACB4DA001C3882 /* facts_UITests.swift */ = {isa = PBXFileReference; lastKnownFileType = sourcecode.swift; path = facts_UITests.swift; sourceTree = "<group>"; };
		F66E99962BACB4DA001C3882 /* facts_UITestsLaunchTests.swift */ = {isa = PBXFileReference; lastKnownFileType = sourcecode.swift; path = facts_UITestsLaunchTests.swift; sourceTree = "<group>"; };
		F66E99A82BACBB2B001C3882 /* fact_db.json */ = {isa = PBXFileReference; lastKnownFileType = text.json; path = fact_db.json; sourceTree = "<group>"; };
		F66E99AA2BACBD38001C3882 /* Fact.swift */ = {isa = PBXFileReference; lastKnownFileType = sourcecode.swift; path = Fact.swift; sourceTree = "<group>"; };
		F66E99AC2BACBDC3001C3882 /* dataloader.swift */ = {isa = PBXFileReference; lastKnownFileType = sourcecode.swift; path = dataloader.swift; sourceTree = "<group>"; };
/* End PBXFileReference section */

/* Begin PBXFrameworksBuildPhase section */
		F66E99732BACB4D9001C3882 /* Frameworks */ = {
			isa = PBXFrameworksBuildPhase;
			buildActionMask = 2147483647;
			files = (
			);
			runOnlyForDeploymentPostprocessing = 0;
		};
		F66E99832BACB4DA001C3882 /* Frameworks */ = {
			isa = PBXFrameworksBuildPhase;
			buildActionMask = 2147483647;
			files = (
			);
			runOnlyForDeploymentPostprocessing = 0;
		};
		F66E998D2BACB4DA001C3882 /* Frameworks */ = {
			isa = PBXFrameworksBuildPhase;
			buildActionMask = 2147483647;
			files = (
			);
			runOnlyForDeploymentPostprocessing = 0;
		};
/* End PBXFrameworksBuildPhase section */

/* Begin PBXGroup section */
		F66E996D2BACB4D9001C3882 = {
			isa = PBXGroup;
			children = (
				F66E99782BACB4D9001C3882 /* facts! */,
				F66E99892BACB4DA001C3882 /* facts!Tests */,
				F66E99932BACB4DA001C3882 /* facts!UITests */,
				F66E99772BACB4D9001C3882 /* Products */,
			);
			sourceTree = "<group>";
		};
		F66E99772BACB4D9001C3882 /* Products */ = {
			isa = PBXGroup;
			children = (
				F66E99762BACB4D9001C3882 /* facts!.app */,
				F66E99862BACB4DA001C3882 /* facts!Tests.xctest */,
				F66E99902BACB4DA001C3882 /* facts!UITests.xctest */,
			);
			name = Products;
			sourceTree = "<group>";
		};
		F66E99782BACB4D9001C3882 /* facts! */ = {
			isa = PBXGroup;
			children = (
				F66E99792BACB4D9001C3882 /* facts_App.swift */,
				F66E99AA2BACBD38001C3882 /* Fact.swift */,
				F66E997B2BACB4D9001C3882 /* ContentView.swift */,
				F66E997D2BACB4DA001C3882 /* Assets.xcassets */,
				F66E997F2BACB4DA001C3882 /* Preview Content */,
				F66E99A82BACBB2B001C3882 /* fact_db.json */,
				F66E99AC2BACBDC3001C3882 /* dataloader.swift */,
			);
			path = "facts!";
			sourceTree = "<group>";
		};
		F66E997F2BACB4DA001C3882 /* Preview Content */ = {
			isa = PBXGroup;
			children = (
				F66E99802BACB4DA001C3882 /* Preview Assets.xcassets */,
			);
			path = "Preview Content";
			sourceTree = "<group>";
		};
		F66E99892BACB4DA001C3882 /* facts!Tests */ = {
			isa = PBXGroup;
			children = (
				F66E998A2BACB4DA001C3882 /* facts_Tests.swift */,
			);
			path = "facts!Tests";
			sourceTree = "<group>";
		};
		F66E99932BACB4DA001C3882 /* facts!UITests */ = {
			isa = PBXGroup;
			children = (
				F66E99942BACB4DA001C3882 /* facts_UITests.swift */,
				F66E99962BACB4DA001C3882 /* facts_UITestsLaunchTests.swift */,
			);
			path = "facts!UITests";
			sourceTree = "<group>";
		};
/* End PBXGroup section */

/* Begin PBXNativeTarget section */
		F66E99752BACB4D9001C3882 /* facts! */ = {
			isa = PBXNativeTarget;
			buildConfigurationList = F66E999A2BACB4DA001C3882 /* Build configuration list for PBXNativeTarget "facts!" */;
			buildPhases = (
				F66E99722BACB4D9001C3882 /* Sources */,
				F66E99732BACB4D9001C3882 /* Frameworks */,
				F66E99742BACB4D9001C3882 /* Resources */,
			);
			buildRules = (
			);
			dependencies = (
			);
			name = "facts!";
			productName = "facts!";
			productReference = F66E99762BACB4D9001C3882 /* facts!.app */;
			productType = "com.apple.product-type.application";
		};
		F66E99852BACB4DA001C3882 /* facts!Tests */ = {
			isa = PBXNativeTarget;
			buildConfigurationList = F66E999D2BACB4DA001C3882 /* Build configuration list for PBXNativeTarget "facts!Tests" */;
			buildPhases = (
				F66E99822BACB4DA001C3882 /* Sources */,
				F66E99832BACB4DA001C3882 /* Frameworks */,
				F66E99842BACB4DA001C3882 /* Resources */,
			);
			buildRules = (
			);
			dependencies = (
				F66E99882BACB4DA001C3882 /* PBXTargetDependency */,
			);
			name = "facts!Tests";
			productName = "facts!Tests";
			productReference = F66E99862BACB4DA001C3882 /* facts!Tests.xctest */;
			productType = "com.apple.product-type.bundle.unit-test";
		};
		F66E998F2BACB4DA001C3882 /* facts!UITests */ = {
			isa = PBXNativeTarget;
			buildConfigurationList = F66E99A02BACB4DA001C3882 /* Build configuration list for PBXNativeTarget "facts!UITests" */;
			buildPhases = (
				F66E998C2BACB4DA001C3882 /* Sources */,
				F66E998D2BACB4DA001C3882 /* Frameworks */,
				F66E998E2BACB4DA001C3882 /* Resources */,
			);
			buildRules = (
			);
			dependencies = (
				F66E99922BACB4DA001C3882 /* PBXTargetDependency */,
			);
			name = "facts!UITests";
			productName = "facts!UITests";
			productReference = F66E99902BACB4DA001C3882 /* facts!UITests.xctest */;
			productType = "com.apple.product-type.bundle.ui-testing";
		};
/* End PBXNativeTarget section */

/* Begin PBXProject section */
		F66E996E2BACB4D9001C3882 /* Project object */ = {
			isa = PBXProject;
			attributes = {
				BuildIndependentTargetsInParallel = 1;
				LastSwiftUpdateCheck = 1430;
				LastUpgradeCheck = 1430;
				TargetAttributes = {
					F66E99752BACB4D9001C3882 = {
						CreatedOnToolsVersion = 14.3.1;
					};
					F66E99852BACB4DA001C3882 = {
						CreatedOnToolsVersion = 14.3.1;
						TestTargetID = F66E99752BACB4D9001C3882;
					};
					F66E998F2BACB4DA001C3882 = {
						CreatedOnToolsVersion = 14.3.1;
						TestTargetID = F66E99752BACB4D9001C3882;
					};
				};
			};
			buildConfigurationList = F66E99712BACB4D9001C3882 /* Build configuration list for PBXProject "facts!" */;
			compatibilityVersion = "Xcode 14.0";
			developmentRegion = en;
			hasScannedForEncodings = 0;
			knownRegions = (
				en,
				Base,
			);
			mainGroup = F66E996D2BACB4D9001C3882;
			productRefGroup = F66E99772BACB4D9001C3882 /* Products */;
			projectDirPath = "";
			projectRoot = "";
			targets = (
				F66E99752BACB4D9001C3882 /* facts! */,
				F66E99852BACB4DA001C3882 /* facts!Tests */,
				F66E998F2BACB4DA001C3882 /* facts!UITests */,
			);
		};
/* End PBXProject section */

/* Begin PBXResourcesBuildPhase section */
		F66E99742BACB4D9001C3882 /* Resources */ = {
			isa = PBXResourcesBuildPhase;
			buildActionMask = 2147483647;
			files = (
				F66E99812BACB4DA001C3882 /* Preview Assets.xcassets in Resources */,
				F66E997E2BACB4DA001C3882 /* Assets.xcassets in Resources */,
				F66E99A92BACBB2B001C3882 /* fact_db.json in Resources */,
			);
			runOnlyForDeploymentPostprocessing = 0;
		};
		F66E99842BACB4DA001C3882 /* Resources */ = {
			isa = PBXResourcesBuildPhase;
			buildActionMask = 2147483647;
			files = (
			);
			runOnlyForDeploymentPostprocessing = 0;
		};
		F66E998E2BACB4DA001C3882 /* Resources */ = {
			isa = PBXResourcesBuildPhase;
			buildActionMask = 2147483647;
			files = (
			);
			runOnlyForDeploymentPostprocessing = 0;
		};
/* End PBXResourcesBuildPhase section */

/* Begin PBXSourcesBuildPhase section */
		F66E99722BACB4D9001C3882 /* Sources */ = {
			isa = PBXSourcesBuildPhase;
			buildActionMask = 2147483647;
			files = (
				F66E99AD2BACBDC3001C3882 /* dataloader.swift in Sources */,
				F66E997C2BACB4D9001C3882 /* ContentView.swift in Sources */,
				F66E99AB2BACBD38001C3882 /* Fact.swift in Sources */,
				F66E997A2BACB4D9001C3882 /* facts_App.swift in Sources */,
			);
			runOnlyForDeploymentPostprocessing = 0;
		};
		F66E99822BACB4DA001C3882 /* Sources */ = {
			isa = PBXSourcesBuildPhase;
			buildActionMask = 2147483647;
			files = (
				F66E998B2BACB4DA001C3882 /* facts_Tests.swift in Sources */,
			);
			runOnlyForDeploymentPostprocessing = 0;
		};
		F66E998C2BACB4DA001C3882 /* Sources */ = {
			isa = PBXSourcesBuildPhase;
			buildActionMask = 2147483647;
			files = (
				F66E99972BACB4DA001C3882 /* facts_UITestsLaunchTests.swift in Sources */,
				F66E99952BACB4DA001C3882 /* facts_UITests.swift in Sources */,
			);
			runOnlyForDeploymentPostprocessing = 0;
		};
/* End PBXSourcesBuildPhase section */

/* Begin PBXTargetDependency section */
		F66E99882BACB4DA001C3882 /* PBXTargetDependency */ = {
			isa = PBXTargetDependency;
			target = F66E99752BACB4D9001C3882 /* facts! */;
			targetProxy = F66E99872BACB4DA001C3882 /* PBXContainerItemProxy */;
		};
		F66E99922BACB4DA001C3882 /* PBXTargetDependency */ = {
			isa = PBXTargetDependency;
			target = F66E99752BACB4D9001C3882 /* facts! */;
			targetProxy = F66E99912BACB4DA001C3882 /* PBXContainerItemProxy */;
		};
/* End PBXTargetDependency section */

/* Begin XCBuildConfiguration section */
		F66E99982BACB4DA001C3882 /* Debug */ = {
			isa = XCBuildConfiguration;
			buildSettings = {
				ALWAYS_SEARCH_USER_PATHS = NO;
				CLANG_ANALYZER_NONNULL = YES;
				CLANG_ANALYZER_NUMBER_OBJECT_CONVERSION = YES_AGGRESSIVE;
				CLANG_CXX_LANGUAGE_STANDARD = "gnu++20";
				CLANG_ENABLE_MODULES = YES;
				CLANG_ENABLE_OBJC_ARC = YES;
				CLANG_ENABLE_OBJC_WEAK = YES;
				CLANG_WARN_BLOCK_CAPTURE_AUTORELEASING = YES;
				CLANG_WARN_BOOL_CONVERSION = YES;
				CLANG_WARN_COMMA = YES;
				CLANG_WARN_CONSTANT_CONVERSION = YES;
				CLANG_WARN_DEPRECATED_OBJC_IMPLEMENTATIONS = YES;
				CLANG_WARN_DIRECT_OBJC_ISA_USAGE = YES_ERROR;
				CLANG_WARN_DOCUMENTATION_COMMENTS = YES;
				CLANG_WARN_EMPTY_BODY = YES;
				CLANG_WARN_ENUM_CONVERSION = YES;
				CLANG_WARN_INFINITE_RECURSION = YES;
				CLANG_WARN_INT_CONVERSION = YES;
				CLANG_WARN_NON_LITERAL_NULL_CONVERSION = YES;
				CLANG_WARN_OBJC_IMPLICIT_RETAIN_SELF = YES;
				CLANG_WARN_OBJC_LITERAL_CONVERSION = YES;
				CLANG_WARN_OBJC_ROOT_CLASS = YES_ERROR;
				CLANG_WARN_QUOTED_INCLUDE_IN_FRAMEWORK_HEADER = YES;
				CLANG_WARN_RANGE_LOOP_ANALYSIS = YES;
				CLANG_WARN_STRICT_PROTOTYPES = YES;
				CLANG_WARN_SUSPICIOUS_MOVE = YES;
				CLANG_WARN_UNGUARDED_AVAILABILITY = YES_AGGRESSIVE;
				CLANG_WARN_UNREACHABLE_CODE = YES;
				CLANG_WARN__DUPLICATE_METHOD_MATCH = YES;
				COPY_PHASE_STRIP = NO;
				DEBUG_INFORMATION_FORMAT = dwarf;
				ENABLE_STRICT_OBJC_MSGSEND = YES;
				ENABLE_TESTABILITY = YES;
				GCC_C_LANGUAGE_STANDARD = gnu11;
				GCC_DYNAMIC_NO_PIC = NO;
				GCC_NO_COMMON_BLOCKS = YES;
				GCC_OPTIMIZATION_LEVEL = 0;
				GCC_PREPROCESSOR_DEFINITIONS = (
					"DEBUG=1",
					"$(inherited)",
				);
				GCC_WARN_64_TO_32_BIT_CONVERSION = YES;
				GCC_WARN_ABOUT_RETURN_TYPE = YES_ERROR;
				GCC_WARN_UNDECLARED_SELECTOR = YES;
				GCC_WARN_UNINITIALIZED_AUTOS = YES_AGGRESSIVE;
				GCC_WARN_UNUSED_FUNCTION = YES;
				GCC_WARN_UNUSED_VARIABLE = YES;
				IPHONEOS_DEPLOYMENT_TARGET = 16.4;
				MTL_ENABLE_DEBUG_INFO = INCLUDE_SOURCE;
				MTL_FAST_MATH = YES;
				ONLY_ACTIVE_ARCH = YES;
				SDKROOT = iphoneos;
				SWIFT_ACTIVE_COMPILATION_CONDITIONS = DEBUG;
				SWIFT_OPTIMIZATION_LEVEL = "-Onone";
			};
			name = Debug;
		};
		F66E99992BACB4DA001C3882 /* Release */ = {
			isa = XCBuildConfiguration;
			buildSettings = {
				ALWAYS_SEARCH_USER_PATHS = NO;
				CLANG_ANALYZER_NONNULL = YES;
				CLANG_ANALYZER_NUMBER_OBJECT_CONVERSION = YES_AGGRESSIVE;
				CLANG_CXX_LANGUAGE_STANDARD = "gnu++20";
				CLANG_ENABLE_MODULES = YES;
				CLANG_ENABLE_OBJC_ARC = YES;
				CLANG_ENABLE_OBJC_WEAK = YES;
				CLANG_WARN_BLOCK_CAPTURE_AUTORELEASING = YES;
				CLANG_WARN_BOOL_CONVERSION = YES;
				CLANG_WARN_COMMA = YES;
				CLANG_WARN_CONSTANT_CONVERSION = YES;
				CLANG_WARN_DEPRECATED_OBJC_IMPLEMENTATIONS = YES;
				CLANG_WARN_DIRECT_OBJC_ISA_USAGE = YES_ERROR;
				CLANG_WARN_DOCUMENTATION_COMMENTS = YES;
				CLANG_WARN_EMPTY_BODY = YES;
				CLANG_WARN_ENUM_CONVERSION = YES;
				CLANG_WARN_INFINITE_RECURSION = YES;
				CLANG_WARN_INT_CONVERSION = YES;
				CLANG_WARN_NON_LITERAL_NULL_CONVERSION = YES;
				CLANG_WARN_OBJC_IMPLICIT_RETAIN_SELF = YES;
				CLANG_WARN_OBJC_LITERAL_CONVERSION = YES;
				CLANG_WARN_OBJC_ROOT_CLASS = YES_ERROR;
				CLANG_WARN_QUOTED_INCLUDE_IN_FRAMEWORK_HEADER = YES;
				CLANG_WARN_RANGE_LOOP_ANALYSIS = YES;
				CLANG_WARN_STRICT_PROTOTYPES = YES;
				CLANG_WARN_SUSPICIOUS_MOVE = YES;
				CLANG_WARN_UNGUARDED_AVAILABILITY = YES_AGGRESSIVE;
				CLANG_WARN_UNREACHABLE_CODE = YES;
				CLANG_WARN__DUPLICATE_METHOD_MATCH = YES;
				COPY_PHASE_STRIP = NO;
				DEBUG_INFORMATION_FORMAT = "dwarf-with-dsym";
				ENABLE_NS_ASSERTIONS = NO;
				ENABLE_STRICT_OBJC_MSGSEND = YES;
				GCC_C_LANGUAGE_STANDARD = gnu11;
				GCC_NO_COMMON_BLOCKS = YES;
				GCC_WARN_64_TO_32_BIT_CONVERSION = YES;
				GCC_WARN_ABOUT_RETURN_TYPE = YES_ERROR;
				GCC_WARN_UNDECLARED_SELECTOR = YES;
				GCC_WARN_UNINITIALIZED_AUTOS = YES_AGGRESSIVE;
				GCC_WARN_UNUSED_FUNCTION = YES;
				GCC_WARN_UNUSED_VARIABLE = YES;
				IPHONEOS_DEPLOYMENT_TARGET = 16.4;
				MTL_ENABLE_DEBUG_INFO = NO;
				MTL_FAST_MATH = YES;
				SDKROOT = iphoneos;
				SWIFT_COMPILATION_MODE = wholemodule;
				SWIFT_OPTIMIZATION_LEVEL = "-O";
				VALIDATE_PRODUCT = YES;
			};
			name = Release;
		};
		F66E999B2BACB4DA001C3882 /* Debug */ = {
			isa = XCBuildConfiguration;
			buildSettings = {
				ASSETCATALOG_COMPILER_APPICON_NAME = AppIcon;
				ASSETCATALOG_COMPILER_GLOBAL_ACCENT_COLOR_NAME = AccentColor;
				CODE_SIGN_STYLE = Automatic;
				CURRENT_PROJECT_VERSION = 1;
				DEVELOPMENT_ASSET_PATHS = "\"facts!/Preview Content\"";
				DEVELOPMENT_TEAM = TE3B97TR3K;
				ENABLE_PREVIEWS = YES;
				GENERATE_INFOPLIST_FILE = YES;
				INFOPLIST_KEY_UIApplicationSceneManifest_Generation = YES;
				INFOPLIST_KEY_UIApplicationSupportsIndirectInputEvents = YES;
				INFOPLIST_KEY_UILaunchScreen_Generation = YES;
				INFOPLIST_KEY_UISupportedInterfaceOrientations_iPad = "UIInterfaceOrientationPortrait UIInterfaceOrientationPortraitUpsideDown UIInterfaceOrientationLandscapeLeft UIInterfaceOrientationLandscapeRight";
				INFOPLIST_KEY_UISupportedInterfaceOrientations_iPhone = "UIInterfaceOrientationPortrait UIInterfaceOrientationLandscapeLeft UIInterfaceOrientationLandscapeRight";
				LD_RUNPATH_SEARCH_PATHS = (
					"$(inherited)",
					"@executable_path/Frameworks",
				);
				MARKETING_VERSION = 1.0;
				PRODUCT_BUNDLE_IDENTIFIER = "com.lenawu.facts-";
				PRODUCT_NAME = "$(TARGET_NAME)";
				SWIFT_EMIT_LOC_STRINGS = YES;
				SWIFT_VERSION = 5.0;
				TARGETED_DEVICE_FAMILY = "1,2";
			};
			name = Debug;
		};
		F66E999C2BACB4DA001C3882 /* Release */ = {
			isa = XCBuildConfiguration;
			buildSettings = {
				ASSETCATALOG_COMPILER_APPICON_NAME = AppIcon;
				ASSETCATALOG_COMPILER_GLOBAL_ACCENT_COLOR_NAME = AccentColor;
				CODE_SIGN_STYLE = Automatic;
				CURRENT_PROJECT_VERSION = 1;
				DEVELOPMENT_ASSET_PATHS = "\"facts!/Preview Content\"";
				DEVELOPMENT_TEAM = TE3B97TR3K;
				ENABLE_PREVIEWS = YES;
				GENERATE_INFOPLIST_FILE = YES;
				INFOPLIST_KEY_UIApplicationSceneManifest_Generation = YES;
				INFOPLIST_KEY_UIApplicationSupportsIndirectInputEvents = YES;
				INFOPLIST_KEY_UILaunchScreen_Generation = YES;
				INFOPLIST_KEY_UISupportedInterfaceOrientations_iPad = "UIInterfaceOrientationPortrait UIInterfaceOrientationPortraitUpsideDown UIInterfaceOrientationLandscapeLeft UIInterfaceOrientationLandscapeRight";
				INFOPLIST_KEY_UISupportedInterfaceOrientations_iPhone = "UIInterfaceOrientationPortrait UIInterfaceOrientationLandscapeLeft UIInterfaceOrientationLandscapeRight";
				LD_RUNPATH_SEARCH_PATHS = (
					"$(inherited)",
					"@executable_path/Frameworks",
				);
				MARKETING_VERSION = 1.0;
				PRODUCT_BUNDLE_IDENTIFIER = "com.lenawu.facts-";
				PRODUCT_NAME = "$(TARGET_NAME)";
				SWIFT_EMIT_LOC_STRINGS = YES;
				SWIFT_VERSION = 5.0;
				TARGETED_DEVICE_FAMILY = "1,2";
			};
			name = Release;
		};
		F66E999E2BACB4DA001C3882 /* Debug */ = {
			isa = XCBuildConfiguration;
			buildSettings = {
				ALWAYS_EMBED_SWIFT_STANDARD_LIBRARIES = YES;
				BUNDLE_LOADER = "$(TEST_HOST)";
				CODE_SIGN_STYLE = Automatic;
				CURRENT_PROJECT_VERSION = 1;
				DEVELOPMENT_TEAM = TE3B97TR3K;
				GENERATE_INFOPLIST_FILE = YES;
				IPHONEOS_DEPLOYMENT_TARGET = 16.4;
				MARKETING_VERSION = 1.0;
				PRODUCT_BUNDLE_IDENTIFIER = "com.lenawu.facts-Tests";
				PRODUCT_NAME = "$(TARGET_NAME)";
				SWIFT_EMIT_LOC_STRINGS = NO;
				SWIFT_VERSION = 5.0;
				TARGETED_DEVICE_FAMILY = "1,2";
				TEST_HOST = "$(BUILT_PRODUCTS_DIR)/facts!.app/$(BUNDLE_EXECUTABLE_FOLDER_PATH)/facts!";
			};
			name = Debug;
		};
		F66E999F2BACB4DA001C3882 /* Release */ = {
			isa = XCBuildConfiguration;
			buildSettings = {
				ALWAYS_EMBED_SWIFT_STANDARD_LIBRARIES = YES;
				BUNDLE_LOADER = "$(TEST_HOST)";
				CODE_SIGN_STYLE = Automatic;
				CURRENT_PROJECT_VERSION = 1;
				DEVELOPMENT_TEAM = TE3B97TR3K;
				GENERATE_INFOPLIST_FILE = YES;
				IPHONEOS_DEPLOYMENT_TARGET = 16.4;
				MARKETING_VERSION = 1.0;
				PRODUCT_BUNDLE_IDENTIFIER = "com.lenawu.facts-Tests";
				PRODUCT_NAME = "$(TARGET_NAME)";
				SWIFT_EMIT_LOC_STRINGS = NO;
				SWIFT_VERSION = 5.0;
				TARGETED_DEVICE_FAMILY = "1,2";
				TEST_HOST = "$(BUILT_PRODUCTS_DIR)/facts!.app/$(BUNDLE_EXECUTABLE_FOLDER_PATH)/facts!";
			};
			name = Release;
		};
		F66E99A12BACB4DA001C3882 /* Debug */ = {
			isa = XCBuildConfiguration;
			buildSettings = {
				ALWAYS_EMBED_SWIFT_STANDARD_LIBRARIES = YES;
				CODE_SIGN_STYLE = Automatic;
				CURRENT_PROJECT_VERSION = 1;
				DEVELOPMENT_TEAM = TE3B97TR3K;
				GENERATE_INFOPLIST_FILE = YES;
				MARKETING_VERSION = 1.0;
				PRODUCT_BUNDLE_IDENTIFIER = "com.lenawu.facts-UITests";
				PRODUCT_NAME = "$(TARGET_NAME)";
				SWIFT_EMIT_LOC_STRINGS = NO;
				SWIFT_VERSION = 5.0;
				TARGETED_DEVICE_FAMILY = "1,2";
				TEST_TARGET_NAME = "facts!";
			};
			name = Debug;
		};
		F66E99A22BACB4DA001C3882 /* Release */ = {
			isa = XCBuildConfiguration;
			buildSettings = {
				ALWAYS_EMBED_SWIFT_STANDARD_LIBRARIES = YES;
				CODE_SIGN_STYLE = Automatic;
				CURRENT_PROJECT_VERSION = 1;
				DEVELOPMENT_TEAM = TE3B97TR3K;
				GENERATE_INFOPLIST_FILE = YES;
				MARKETING_VERSION = 1.0;
				PRODUCT_BUNDLE_IDENTIFIER = "com.lenawu.facts-UITests";
				PRODUCT_NAME = "$(TARGET_NAME)";
				SWIFT_EMIT_LOC_STRINGS = NO;
				SWIFT_VERSION = 5.0;
				TARGETED_DEVICE_FAMILY = "1,2";
				TEST_TARGET_NAME = "facts!";
			};
			name = Release;
		};
/* End XCBuildConfiguration section */

/* Begin XCConfigurationList section */
		F66E99712BACB4D9001C3882 /* Build configuration list for PBXProject "facts!" */ = {
			isa = XCConfigurationList;
			buildConfigurations = (
				F66E99982BACB4DA001C3882 /* Debug */,
				F66E99992BACB4DA001C3882 /* Release */,
			);
			defaultConfigurationIsVisible = 0;
			defaultConfigurationName = Release;
		};
		F66E999A2BACB4DA001C3882 /* Build configuration list for PBXNativeTarget "facts!" */ = {
			isa = XCConfigurationList;
			buildConfigurations = (
				F66E999B2BACB4DA001C3882 /* Debug */,
				F66E999C2BACB4DA001C3882 /* Release */,
			);
			defaultConfigurationIsVisible = 0;
			defaultConfigurationName = Release;
		};
		F66E999D2BACB4DA001C3882 /* Build configuration list for PBXNativeTarget "facts!Tests" */ = {
			isa = XCConfigurationList;
			buildConfigurations = (
				F66E999E2BACB4DA001C3882 /* Debug */,
				F66E999F2BACB4DA001C3882 /* Release */,
			);
			defaultConfigurationIsVisible = 0;
			defaultConfigurationName = Release;
		};
		F66E99A02BACB4DA001C3882 /* Build configuration list for PBXNativeTarget "facts!UITests" */ = {
			isa = XCConfigurationList;
			buildConfigurations = (
				F66E99A12BACB4DA001C3882 /* Debug */,
				F66E99A22BACB4DA001C3882 /* Release */,
			);
			defaultConfigurationIsVisible = 0;
			defaultConfigurationName = Release;
		};
/* End XCConfigurationList section */
	};
	rootObject = F66E996E2BACB4D9001C3882 /* Project object */;
}
